
Microsoft Visual Studio Solution File, Format Version 12.00
# Visual Studio Version 16
VisualStudioVersion = 16.0.30114.105
MinimumVisualStudioVersion = 10.0.40219.1
EndProject
Project("{FAE04EC0-301F-11D3-BF4B-00C04F79EFBC}") = "AxolotlEngine.WebAssembly", "AxolotlEngine.WebAssembly\AxolotlEngine.WebAssembly.csproj", "{035ECB3E-FC83-472E-AB2B-C78BC8E143B7}"
EndProject
Global
	GlobalSection(SolutionConfigurationPlatforms) = preSolution
		Debug|Any CPU = Debug|Any CPU
		Release|Any CPU = Release|Any CPU
	EndGlobalSection
	GlobalSection(SolutionProperties) = preSolution
		HideSolutionNode = FALSE
	EndGlobalSection
	GlobalSection(ProjectConfigurationPlatforms) = postSolution
		{FE7FC799-0847-4EB6-BC12-C47AA8D9C886}.Debug|Any CPU.ActiveCfg = Debug|Any CPU
		{FE7FC799-0847-4EB6-BC12-C47AA8D9C886}.Debug|Any CPU.Build.0 = Debug|Any CPU
		{FE7FC799-0847-4EB6-BC12-C47AA8D9C886}.Release|Any CPU.ActiveCfg = Release|Any CPU
		{FE7FC799-0847-4EB6-BC12-C47AA8D9C886}.Release|Any CPU.Build.0 = Release|Any CPU
		{035ECB3E-FC83-472E-AB2B-C78BC8E143B7}.Debug|Any CPU.ActiveCfg = Debug|Any CPU
		{035ECB3E-FC83-472E-AB2B-C78BC8E143B7}.Debug|Any CPU.Build.0 = Debug|Any CPU
		{035ECB3E-FC83-472E-AB2B-C78BC8E143B7}.Release|Any CPU.ActiveCfg = Release|Any CPU
		{035ECB3E-FC83-472E-AB2B-C78BC8E143B7}.Release|Any CPU.Build.0 = Release|Any CPU
	EndGlobalSection
EndGlobal
